
Microsoft Visual Studio Solution File, Format Version 12.00
# Visual Studio Version 17
VisualStudioVersion = 17.10.34928.147
MinimumVisualStudioVersion = 10.0.40219.1
Project("{FAE04EC0-301F-11D3-BF4B-00C04F79EFBC}") = "BusTCC", "BusTCC\BusTCC.csproj", "{3AFB9D98-9D1E-4E37-A1E6-42C1517AFA6E}"
EndProject
Project("{9A19103F-16F7-4668-BE54-9A1E7A4F7556}") = "BusTCC.Domain", "BusTCC.Domain\BusTCC.Domain.csproj", "{34BC334A-9D1D-48FB-B095-05AC326F828A}"
EndProject
Project("{9A19103F-16F7-4668-BE54-9A1E7A4F7556}") = "BusTCC.Application", "BusTcc.Application\BusTCC.Application.csproj", "{E31DF7F1-9AE8-40C7-BB61-C5FA8737246A}"
EndProject
Project("{9A19103F-16F7-4668-BE54-9A1E7A4F7556}") = "BusTCC.Infra.Data", "BusTcc.Infra.Data\BusTCC.Infra.Data.csproj", "{15067263-DC3E-4662-A143-1C9BACD86358}"
EndProject
Project("{9A19103F-16F7-4668-BE54-9A1E7A4F7556}") = "BusTCC.Infra.IoC", "BusTCC.Infra.IoC\BusTCC.Infra.IoC.csproj", "{0CA5AC08-F104-459B-BE11-0B0C00C78D8C}"
EndProject
Global
	GlobalSection(SolutionConfigurationPlatforms) = preSolution
		Debug|Any CPU = Debug|Any CPU
		Debug|ARM = Debug|ARM
		Debug|ARM64 = Debug|ARM64
		Debug|x64 = Debug|x64
		Debug|x86 = Debug|x86
		Release|Any CPU = Release|Any CPU
		Release|ARM = Release|ARM
		Release|ARM64 = Release|ARM64
		Release|x64 = Release|x64
		Release|x86 = Release|x86
	EndGlobalSection
	GlobalSection(ProjectConfigurationPlatforms) = postSolution
		{3AFB9D98-9D1E-4E37-A1E6-42C1517AFA6E}.Debug|Any CPU.ActiveCfg = Debug|x64
		{3AFB9D98-9D1E-4E37-A1E6-42C1517AFA6E}.Debug|Any CPU.Build.0 = Debug|x64
		{3AFB9D98-9D1E-4E37-A1E6-42C1517AFA6E}.Debug|Any CPU.Deploy.0 = Debug|x64
		{3AFB9D98-9D1E-4E37-A1E6-42C1517AFA6E}.Debug|ARM.ActiveCfg = Debug|ARM
		{3AFB9D98-9D1E-4E37-A1E6-42C1517AFA6E}.Debug|ARM.Build.0 = Debug|ARM
		{3AFB9D98-9D1E-4E37-A1E6-42C1517AFA6E}.Debug|ARM.Deploy.0 = Debug|ARM
		{3AFB9D98-9D1E-4E37-A1E6-42C1517AFA6E}.Debug|ARM64.ActiveCfg = Debug|ARM64
		{3AFB9D98-9D1E-4E37-A1E6-42C1517AFA6E}.Debug|ARM64.Build.0 = Debug|ARM64
		{3AFB9D98-9D1E-4E37-A1E6-42C1517AFA6E}.Debug|ARM64.Deploy.0 = Debug|ARM64
		{3AFB9D98-9D1E-4E37-A1E6-42C1517AFA6E}.Debug|x64.ActiveCfg = Debug|x64
		{3AFB9D98-9D1E-4E37-A1E6-42C1517AFA6E}.Debug|x64.Build.0 = Debug|x64
		{3AFB9D98-9D1E-4E37-A1E6-42C1517AFA6E}.Debug|x64.Deploy.0 = Debug|x64
		{3AFB9D98-9D1E-4E37-A1E6-42C1517AFA6E}.Debug|x86.ActiveCfg = Debug|x86
		{3AFB9D98-9D1E-4E37-A1E6-42C1517AFA6E}.Debug|x86.Build.0 = Debug|x86
		{3AFB9D98-9D1E-4E37-A1E6-42C1517AFA6E}.Debug|x86.Deploy.0 = Debug|x86
		{3AFB9D98-9D1E-4E37-A1E6-42C1517AFA6E}.Release|Any CPU.ActiveCfg = Release|x64
		{3AFB9D98-9D1E-4E37-A1E6-42C1517AFA6E}.Release|Any CPU.Build.0 = Release|x64
		{3AFB9D98-9D1E-4E37-A1E6-42C1517AFA6E}.Release|Any CPU.Deploy.0 = Release|x64
		{3AFB9D98-9D1E-4E37-A1E6-42C1517AFA6E}.Release|ARM.ActiveCfg = Release|ARM
		{3AFB9D98-9D1E-4E37-A1E6-42C1517AFA6E}.Release|ARM.Build.0 = Release|ARM
		{3AFB9D98-9D1E-4E37-A1E6-42C1517AFA6E}.Release|ARM.Deploy.0 = Release|ARM
		{3AFB9D98-9D1E-4E37-A1E6-42C1517AFA6E}.Release|ARM64.ActiveCfg = Release|ARM64
		{3AFB9D98-9D1E-4E37-A1E6-42C1517AFA6E}.Release|ARM64.Build.0 = Release|ARM64
		{3AFB9D98-9D1E-4E37-A1E6-42C1517AFA6E}.Release|ARM64.Deploy.0 = Release|ARM64
		{3AFB9D98-9D1E-4E37-A1E6-42C1517AFA6E}.Release|x64.ActiveCfg = Release|x64
		{3AFB9D98-9D1E-4E37-A1E6-42C1517AFA6E}.Release|x64.Build.0 = Release|x64
		{3AFB9D98-9D1E-4E37-A1E6-42C1517AFA6E}.Release|x64.Deploy.0 = Release|x64
		{3AFB9D98-9D1E-4E37-A1E6-42C1517AFA6E}.Release|x86.ActiveCfg = Release|x86
		{3AFB9D98-9D1E-4E37-A1E6-42C1517AFA6E}.Release|x86.Build.0 = Release|x86
		{3AFB9D98-9D1E-4E37-A1E6-42C1517AFA6E}.Release|x86.Deploy.0 = Release|x86
		{34BC334A-9D1D-48FB-B095-05AC326F828A}.Debug|Any CPU.ActiveCfg = Debug|Any CPU
		{34BC334A-9D1D-48FB-B095-05AC326F828A}.Debug|Any CPU.Build.0 = Debug|Any CPU
		{34BC334A-9D1D-48FB-B095-05AC326F828A}.Debug|ARM.ActiveCfg = Debug|Any CPU
		{34BC334A-9D1D-48FB-B095-05AC326F828A}.Debug|ARM.Build.0 = Debug|Any CPU
		{34BC334A-9D1D-48FB-B095-05AC326F828A}.Debug|ARM64.ActiveCfg = Debug|Any CPU
		{34BC334A-9D1D-48FB-B095-05AC326F828A}.Debug|ARM64.Build.0 = Debug|Any CPU
		{34BC334A-9D1D-48FB-B095-05AC326F828A}.Debug|x64.ActiveCfg = Debug|Any CPU
		{34BC334A-9D1D-48FB-B095-05AC326F828A}.Debug|x64.Build.0 = Debug|Any CPU
		{34BC334A-9D1D-48FB-B095-05AC326F828A}.Debug|x86.ActiveCfg = Debug|Any CPU
		{34BC334A-9D1D-48FB-B095-05AC326F828A}.Debug|x86.Build.0 = Debug|Any CPU
		{34BC334A-9D1D-48FB-B095-05AC326F828A}.Release|Any CPU.ActiveCfg = Release|Any CPU
		{34BC334A-9D1D-48FB-B095-05AC326F828A}.Release|Any CPU.Build.0 = Release|Any CPU
		{34BC334A-9D1D-48FB-B095-05AC326F828A}.Release|ARM.ActiveCfg = Release|Any CPU
		{34BC334A-9D1D-48FB-B095-05AC326F828A}.Release|ARM.Build.0 = Release|Any CPU
		{34BC334A-9D1D-48FB-B095-05AC326F828A}.Release|ARM64.ActiveCfg = Release|Any CPU
		{34BC334A-9D1D-48FB-B095-05AC326F828A}.Release|ARM64.Build.0 = Release|Any CPU
		{34BC334A-9D1D-48FB-B095-05AC326F828A}.Release|x64.ActiveCfg = Release|Any CPU
		{34BC334A-9D1D-48FB-B095-05AC326F828A}.Release|x64.Build.0 = Release|Any CPU
		{34BC334A-9D1D-48FB-B095-05AC326F828A}.Release|x86.ActiveCfg = Release|Any CPU
		{34BC334A-9D1D-48FB-B095-05AC326F828A}.Release|x86.Build.0 = Release|Any CPU
		{E31DF7F1-9AE8-40C7-BB61-C5FA8737246A}.Debug|Any CPU.ActiveCfg = Debug|Any CPU
		{E31DF7F1-9AE8-40C7-BB61-C5FA8737246A}.Debug|Any CPU.Build.0 = Debug|Any CPU
		{E31DF7F1-9AE8-40C7-BB61-C5FA8737246A}.Debug|ARM.ActiveCfg = Debug|Any CPU
		{E31DF7F1-9AE8-40C7-BB61-C5FA8737246A}.Debug|ARM.Build.0 = Debug|Any CPU
		{E31DF7F1-9AE8-40C7-BB61-C5FA8737246A}.Debug|ARM64.ActiveCfg = Debug|Any CPU
		{E31DF7F1-9AE8-40C7-BB61-C5FA8737246A}.Debug|ARM64.Build.0 = Debug|Any CPU
		{E31DF7F1-9AE8-40C7-BB61-C5FA8737246A}.Debug|x64.ActiveCfg = Debug|Any CPU
		{E31DF7F1-9AE8-40C7-BB61-C5FA8737246A}.Debug|x64.Build.0 = Debug|Any CPU
		{E31DF7F1-9AE8-40C7-BB61-C5FA8737246A}.Debug|x86.ActiveCfg = Debug|Any CPU
		{E31DF7F1-9AE8-40C7-BB61-C5FA8737246A}.Debug|x86.Build.0 = Debug|Any CPU
		{E31DF7F1-9AE8-40C7-BB61-C5FA8737246A}.Release|Any CPU.ActiveCfg = Release|Any CPU
		{E31DF7F1-9AE8-40C7-BB61-C5FA8737246A}.Release|Any CPU.Build.0 = Release|Any CPU
		{E31DF7F1-9AE8-40C7-BB61-C5FA8737246A}.Release|ARM.ActiveCfg = Release|Any CPU
		{E31DF7F1-9AE8-40C7-BB61-C5FA8737246A}.Release|ARM.Build.0 = Release|Any CPU
		{E31DF7F1-9AE8-40C7-BB61-C5FA8737246A}.Release|ARM64.ActiveCfg = Release|Any CPU
		{E31DF7F1-9AE8-40C7-BB61-C5FA8737246A}.Release|ARM64.Build.0 = Release|Any CPU
		{E31DF7F1-9AE8-40C7-BB61-C5FA8737246A}.Release|x64.ActiveCfg = Release|Any CPU
		{E31DF7F1-9AE8-40C7-BB61-C5FA8737246A}.Release|x64.Build.0 = Release|Any CPU
		{E31DF7F1-9AE8-40C7-BB61-C5FA8737246A}.Release|x86.ActiveCfg = Release|Any CPU
		{E31DF7F1-9AE8-40C7-BB61-C5FA8737246A}.Release|x86.Build.0 = Release|Any CPU
		{15067263-DC3E-4662-A143-1C9BACD86358}.Debug|Any CPU.ActiveCfg = Debug|Any CPU
		{15067263-DC3E-4662-A143-1C9BACD86358}.Debug|Any CPU.Build.0 = Debug|Any CPU
		{15067263-DC3E-4662-A143-1C9BACD86358}.Debug|ARM.ActiveCfg = Debug|Any CPU
		{15067263-DC3E-4662-A143-1C9BACD86358}.Debug|ARM.Build.0 = Debug|Any CPU
		{15067263-DC3E-4662-A143-1C9BACD86358}.Debug|ARM64.ActiveCfg = Debug|Any CPU
		{15067263-DC3E-4662-A143-1C9BACD86358}.Debug|ARM64.Build.0 = Debug|Any CPU
		{15067263-DC3E-4662-A143-1C9BACD86358}.Debug|x64.ActiveCfg = Debug|Any CPU
		{15067263-DC3E-4662-A143-1C9BACD86358}.Debug|x64.Build.0 = Debug|Any CPU
		{15067263-DC3E-4662-A143-1C9BACD86358}.Debug|x86.ActiveCfg = Debug|Any CPU
		{15067263-DC3E-4662-A143-1C9BACD86358}.Debug|x86.Build.0 = Debug|Any CPU
		{15067263-DC3E-4662-A143-1C9BACD86358}.Release|Any CPU.ActiveCfg = Release|Any CPU
		{15067263-DC3E-4662-A143-1C9BACD86358}.Release|Any CPU.Build.0 = Release|Any CPU
		{15067263-DC3E-4662-A143-1C9BACD86358}.Release|ARM.ActiveCfg = Release|Any CPU
		{15067263-DC3E-4662-A143-1C9BACD86358}.Release|ARM.Build.0 = Release|Any CPU
		{15067263-DC3E-4662-A143-1C9BACD86358}.Release|ARM64.ActiveCfg = Release|Any CPU
		{15067263-DC3E-4662-A143-1C9BACD86358}.Release|ARM64.Build.0 = Release|Any CPU
		{15067263-DC3E-4662-A143-1C9BACD86358}.Release|x64.ActiveCfg = Release|Any CPU
		{15067263-DC3E-4662-A143-1C9BACD86358}.Release|x64.Build.0 = Release|Any CPU
		{15067263-DC3E-4662-A143-1C9BACD86358}.Release|x86.ActiveCfg = Release|Any CPU
		{15067263-DC3E-4662-A143-1C9BACD86358}.Release|x86.Build.0 = Release|Any CPU
		{0CA5AC08-F104-459B-BE11-0B0C00C78D8C}.Debug|Any CPU.ActiveCfg = Debug|Any CPU
		{0CA5AC08-F104-459B-BE11-0B0C00C78D8C}.Debug|Any CPU.Build.0 = Debug|Any CPU
		{0CA5AC08-F104-459B-BE11-0B0C00C78D8C}.Debug|ARM.ActiveCfg = Debug|Any CPU
		{0CA5AC08-F104-459B-BE11-0B0C00C78D8C}.Debug|ARM.Build.0 = Debug|Any CPU
		{0CA5AC08-F104-459B-BE11-0B0C00C78D8C}.Debug|ARM64.ActiveCfg = Debug|Any CPU
		{0CA5AC08-F104-459B-BE11-0B0C00C78D8C}.Debug|ARM64.Build.0 = Debug|Any CPU
		{0CA5AC08-F104-459B-BE11-0B0C00C78D8C}.Debug|x64.ActiveCfg = Debug|Any CPU
		{0CA5AC08-F104-459B-BE11-0B0C00C78D8C}.Debug|x64.Build.0 = Debug|Any CPU
		{0CA5AC08-F104-459B-BE11-0B0C00C78D8C}.Debug|x86.ActiveCfg = Debug|Any CPU
		{0CA5AC08-F104-459B-BE11-0B0C00C78D8C}.Debug|x86.Build.0 = Debug|Any CPU
		{0CA5AC08-F104-459B-BE11-0B0C00C78D8C}.Release|Any CPU.ActiveCfg = Release|Any CPU
		{0CA5AC08-F104-459B-BE11-0B0C00C78D8C}.Release|Any CPU.Build.0 = Release|Any CPU
		{0CA5AC08-F104-459B-BE11-0B0C00C78D8C}.Release|ARM.ActiveCfg = Release|Any CPU
		{0CA5AC08-F104-459B-BE11-0B0C00C78D8C}.Release|ARM.Build.0 = Release|Any CPU
		{0CA5AC08-F104-459B-BE11-0B0C00C78D8C}.Release|ARM64.ActiveCfg = Release|Any CPU
		{0CA5AC08-F104-459B-BE11-0B0C00C78D8C}.Release|ARM64.Build.0 = Release|Any CPU
		{0CA5AC08-F104-459B-BE11-0B0C00C78D8C}.Release|x64.ActiveCfg = Release|Any CPU
		{0CA5AC08-F104-459B-BE11-0B0C00C78D8C}.Release|x64.Build.0 = Release|Any CPU
		{0CA5AC08-F104-459B-BE11-0B0C00C78D8C}.Release|x86.ActiveCfg = Release|Any CPU
		{0CA5AC08-F104-459B-BE11-0B0C00C78D8C}.Release|x86.Build.0 = Release|Any CPU
	EndGlobalSection
	GlobalSection(SolutionProperties) = preSolution
		HideSolutionNode = FALSE
	EndGlobalSection
	GlobalSection(ExtensibilityGlobals) = postSolution
		SolutionGuid = {A05C8F59-C985-4209-ADF3-4E02713325A4}
	EndGlobalSection
EndGlobal
